
Microsoft Visual Studio Solution File, Format Version 12.00
# Visual Studio Version 16
VisualStudioVersion = 16.0.30011.22
MinimumVisualStudioVersion = 10.0.40219.1
Project("{FAE04EC0-301F-11D3-BF4B-00C04F79EFBC}") = "KnotsAndCrosses", "KnotsAndCrosses\KnotsAndCrosses.csproj", "{5F8CCD0A-BBF0-4B79-B68A-B2EB0C9A59BE}"
EndProject
Project("{FAE04EC0-301F-11D3-BF4B-00C04F79EFBC}") = "KnotsAndCrossesWebApp", "KnotsAndCrossesWebApp\KnotsAndCrossesWebApp.csproj", "{050B5AF9-8E16-4329-9827-D987938A83B4}"
EndProject
Project("{9A19103F-16F7-4668-BE54-9A1E7A4F7556}") = "KnotsAndCrossesEngine", "KnotsAndCrossesEngine\KnotsAndCrossesEngine.csproj", "{CC75BF97-3543-44A4-AE6A-882899EE421B}"
EndProject
Project("{9A19103F-16F7-4668-BE54-9A1E7A4F7556}") = "KnotsAndCrossesBlazorApp", "KnotsAndCrossesBlazorApp\KnotsAndCrossesBlazorApp.csproj", "{CE3B89AC-DED8-43EC-B406-F784D96CBAD9}"
EndProject
Project("{FAE04EC0-301F-11D3-BF4B-00C04F79EFBC}") = "KnotsAndCrossesBlazorWasm", "KnotsAndCrossesBlazorWasm\KnotsAndCrossesBlazorWasm.csproj", "{B7472043-577E-4184-AB6A-7CC1B3D04700}"
EndProject
Global
	GlobalSection(SolutionConfigurationPlatforms) = preSolution
		Debug|Any CPU = Debug|Any CPU
		Release|Any CPU = Release|Any CPU
	EndGlobalSection
	GlobalSection(ProjectConfigurationPlatforms) = postSolution
		{5F8CCD0A-BBF0-4B79-B68A-B2EB0C9A59BE}.Debug|Any CPU.ActiveCfg = Debug|Any CPU
		{5F8CCD0A-BBF0-4B79-B68A-B2EB0C9A59BE}.Debug|Any CPU.Build.0 = Debug|Any CPU
		{5F8CCD0A-BBF0-4B79-B68A-B2EB0C9A59BE}.Release|Any CPU.ActiveCfg = Release|Any CPU
		{5F8CCD0A-BBF0-4B79-B68A-B2EB0C9A59BE}.Release|Any CPU.Build.0 = Release|Any CPU
		{050B5AF9-8E16-4329-9827-D987938A83B4}.Debug|Any CPU.ActiveCfg = Debug|Any CPU
		{050B5AF9-8E16-4329-9827-D987938A83B4}.Debug|Any CPU.Build.0 = Debug|Any CPU
		{050B5AF9-8E16-4329-9827-D987938A83B4}.Release|Any CPU.ActiveCfg = Release|Any CPU
		{050B5AF9-8E16-4329-9827-D987938A83B4}.Release|Any CPU.Build.0 = Release|Any CPU
		{CC75BF97-3543-44A4-AE6A-882899EE421B}.Debug|Any CPU.ActiveCfg = Debug|Any CPU
		{CC75BF97-3543-44A4-AE6A-882899EE421B}.Debug|Any CPU.Build.0 = Debug|Any CPU
		{CC75BF97-3543-44A4-AE6A-882899EE421B}.Release|Any CPU.ActiveCfg = Release|Any CPU
		{CC75BF97-3543-44A4-AE6A-882899EE421B}.Release|Any CPU.Build.0 = Release|Any CPU
		{CE3B89AC-DED8-43EC-B406-F784D96CBAD9}.Debug|Any CPU.ActiveCfg = Debug|Any CPU
		{CE3B89AC-DED8-43EC-B406-F784D96CBAD9}.Debug|Any CPU.Build.0 = Debug|Any CPU
		{CE3B89AC-DED8-43EC-B406-F784D96CBAD9}.Release|Any CPU.ActiveCfg = Release|Any CPU
		{CE3B89AC-DED8-43EC-B406-F784D96CBAD9}.Release|Any CPU.Build.0 = Release|Any CPU
		{B7472043-577E-4184-AB6A-7CC1B3D04700}.Debug|Any CPU.ActiveCfg = Debug|Any CPU
		{B7472043-577E-4184-AB6A-7CC1B3D04700}.Debug|Any CPU.Build.0 = Debug|Any CPU
		{B7472043-577E-4184-AB6A-7CC1B3D04700}.Release|Any CPU.ActiveCfg = Release|Any CPU
		{B7472043-577E-4184-AB6A-7CC1B3D04700}.Release|Any CPU.Build.0 = Release|Any CPU
	EndGlobalSection
	GlobalSection(SolutionProperties) = preSolution
		HideSolutionNode = FALSE
	EndGlobalSection
	GlobalSection(ExtensibilityGlobals) = postSolution
		SolutionGuid = {37AE0F73-92CE-4DC8-96CB-CAC8DAE6D239}
	EndGlobalSection
EndGlobal
